
Microsoft Visual Studio Solution File, Format Version 12.00
# Visual Studio Version 17
VisualStudioVersion = 17.10.35122.118
MinimumVisualStudioVersion = 10.0.40219.1
Project("{9A19103F-16F7-4668-BE54-9A1E7A4F7556}") = "WhispMe.API", "WhispMe.API\WhispMe.API.csproj", "{EFA3F78B-5D8A-443D-97E9-FB8B76FFB991}"
EndProject
Project("{9A19103F-16F7-4668-BE54-9A1E7A4F7556}") = "WhispMe.BLL", "WhispMe.BLL\WhispMe.BLL.csproj", "{0F1C0B24-5B13-4696-8502-B8E7B399C175}"
EndProject
Project("{9A19103F-16F7-4668-BE54-9A1E7A4F7556}") = "WhispMe.DAL", "WhispMe.DAL\WhispMe.DAL.csproj", "{AC1AAA64-7BDD-4F51-A1C7-C797C03A0EC7}"
EndProject
Project("{9A19103F-16F7-4668-BE54-9A1E7A4F7556}") = "WhispMe.Configuration", "WhispMe.Configuration\WhispMe.Configuration.csproj", "{4AC202FD-F064-44EE-9FF0-EFE913CD064A}"
EndProject
Project("{9A19103F-16F7-4668-BE54-9A1E7A4F7556}") = "WhispMe.DTO", "WhispMe.DTO\WhispMe.DTO.csproj", "{E864BABB-626F-43C2-AE67-1780A22B0E34}"
EndProject
Project("{9A19103F-16F7-4668-BE54-9A1E7A4F7556}") = "WhispMe.WEB", "WhispMe.WEB\WhispMe.WEB.csproj", "{7761D8B9-F19E-4DC7-AB6B-CCACECE96544}"
EndProject
Global
	GlobalSection(SolutionConfigurationPlatforms) = preSolution
		Debug|Any CPU = Debug|Any CPU
		Release|Any CPU = Release|Any CPU
	EndGlobalSection
	GlobalSection(ProjectConfigurationPlatforms) = postSolution
		{EFA3F78B-5D8A-443D-97E9-FB8B76FFB991}.Debug|Any CPU.ActiveCfg = Debug|Any CPU
		{EFA3F78B-5D8A-443D-97E9-FB8B76FFB991}.Debug|Any CPU.Build.0 = Debug|Any CPU
		{EFA3F78B-5D8A-443D-97E9-FB8B76FFB991}.Release|Any CPU.ActiveCfg = Release|Any CPU
		{EFA3F78B-5D8A-443D-97E9-FB8B76FFB991}.Release|Any CPU.Build.0 = Release|Any CPU
		{0F1C0B24-5B13-4696-8502-B8E7B399C175}.Debug|Any CPU.ActiveCfg = Debug|Any CPU
		{0F1C0B24-5B13-4696-8502-B8E7B399C175}.Debug|Any CPU.Build.0 = Debug|Any CPU
		{0F1C0B24-5B13-4696-8502-B8E7B399C175}.Release|Any CPU.ActiveCfg = Release|Any CPU
		{0F1C0B24-5B13-4696-8502-B8E7B399C175}.Release|Any CPU.Build.0 = Release|Any CPU
		{AC1AAA64-7BDD-4F51-A1C7-C797C03A0EC7}.Debug|Any CPU.ActiveCfg = Debug|Any CPU
		{AC1AAA64-7BDD-4F51-A1C7-C797C03A0EC7}.Debug|Any CPU.Build.0 = Debug|Any CPU
		{AC1AAA64-7BDD-4F51-A1C7-C797C03A0EC7}.Release|Any CPU.ActiveCfg = Release|Any CPU
		{AC1AAA64-7BDD-4F51-A1C7-C797C03A0EC7}.Release|Any CPU.Build.0 = Release|Any CPU
		{4AC202FD-F064-44EE-9FF0-EFE913CD064A}.Debug|Any CPU.ActiveCfg = Debug|Any CPU
		{4AC202FD-F064-44EE-9FF0-EFE913CD064A}.Debug|Any CPU.Build.0 = Debug|Any CPU
		{4AC202FD-F064-44EE-9FF0-EFE913CD064A}.Release|Any CPU.ActiveCfg = Release|Any CPU
		{4AC202FD-F064-44EE-9FF0-EFE913CD064A}.Release|Any CPU.Build.0 = Release|Any CPU
		{E864BABB-626F-43C2-AE67-1780A22B0E34}.Debug|Any CPU.ActiveCfg = Debug|Any CPU
		{E864BABB-626F-43C2-AE67-1780A22B0E34}.Debug|Any CPU.Build.0 = Debug|Any CPU
		{E864BABB-626F-43C2-AE67-1780A22B0E34}.Release|Any CPU.ActiveCfg = Release|Any CPU
		{E864BABB-626F-43C2-AE67-1780A22B0E34}.Release|Any CPU.Build.0 = Release|Any CPU
		{7761D8B9-F19E-4DC7-AB6B-CCACECE96544}.Debug|Any CPU.ActiveCfg = Debug|Any CPU
		{7761D8B9-F19E-4DC7-AB6B-CCACECE96544}.Debug|Any CPU.Build.0 = Debug|Any CPU
		{7761D8B9-F19E-4DC7-AB6B-CCACECE96544}.Release|Any CPU.ActiveCfg = Release|Any CPU
		{7761D8B9-F19E-4DC7-AB6B-CCACECE96544}.Release|Any CPU.Build.0 = Release|Any CPU
	EndGlobalSection
	GlobalSection(SolutionProperties) = preSolution
		HideSolutionNode = FALSE
	EndGlobalSection
	GlobalSection(ExtensibilityGlobals) = postSolution
		SolutionGuid = {4127C522-C08A-446E-9151-8451DB4AF889}
	EndGlobalSection
EndGlobal
